// !$*UTF8*$!
{
	archiveVersion = 1;
	classes = {
	};
	objectVersion = 56;
	objects = {

/* Begin PBXBuildFile section */
		2D9195C42CF5A8FB0063139C /* AppDelegate.swift in Sources */ = {isa = PBXBuildFile; fileRef = 2D9195C32CF5A8FB0063139C /* AppDelegate.swift */; };
		2D9195C62CF5A8FB0063139C /* SceneDelegate.swift in Sources */ = {isa = PBXBuildFile; fileRef = 2D9195C52CF5A8FB0063139C /* SceneDelegate.swift */; };
		2D9195CD2CF5A8FC0063139C /* Assets.xcassets in Resources */ = {isa = PBXBuildFile; fileRef = 2D9195CC2CF5A8FC0063139C /* Assets.xcassets */; };
		2D9195D02CF5A8FC0063139C /* Base in Resources */ = {isa = PBXBuildFile; fileRef = 2D9195CF2CF5A8FC0063139C /* Base */; };
		2D9195D82CF5A94F0063139C /* FirstViewController.swift in Sources */ = {isa = PBXBuildFile; fileRef = 2D9195D72CF5A94F0063139C /* FirstViewController.swift */; };
		2D9195DA2CF5A9B80063139C /* SecondViewController.swift in Sources */ = {isa = PBXBuildFile; fileRef = 2D9195D92CF5A9B80063139C /* SecondViewController.swift */; };
		2D9195DD2CF5AA490063139C /* FDCITextField.swift in Sources */ = {isa = PBXBuildFile; fileRef = 2D9195DC2CF5AA490063139C /* FDCITextField.swift */; };
		2D9195DF2CF5ACF70063139C /* FDCIButton.swift in Sources */ = {isa = PBXBuildFile; fileRef = 2D9195DE2CF5ACF70063139C /* FDCIButton.swift */; };
		2D9195E42CF5B1DB0063139C /* FDCITitleLabel.swift in Sources */ = {isa = PBXBuildFile; fileRef = 2D9195E32CF5B1DB0063139C /* FDCITitleLabel.swift */; };
		2D9195E72CF5B1FA0063139C /* FDCIBodyLabel.swift in Sources */ = {isa = PBXBuildFile; fileRef = 2D9195E62CF5B1FA0063139C /* FDCIBodyLabel.swift */; };
		2D9195EA2CF5B3790063139C /* NetworkManager.swift in Sources */ = {isa = PBXBuildFile; fileRef = 2D9195E92CF5B3790063139C /* NetworkManager.swift */; };
		2D9195ED2CF5B4790063139C /* Country.swift in Sources */ = {isa = PBXBuildFile; fileRef = 2D9195EC2CF5B4790063139C /* Country.swift */; };
		2D9195F02CF5B4C80063139C /* FDCIError.swift in Sources */ = {isa = PBXBuildFile; fileRef = 2D9195EF2CF5B4C80063139C /* FDCIError.swift */; };
		2D9195F22CF5B7160063139C /* DataManager.swift in Sources */ = {isa = PBXBuildFile; fileRef = 2D9195F12CF5B7160063139C /* DataManager.swift */; };
		2D9195F42CF5C2C10063139C /* String+Ext.swift in Sources */ = {isa = PBXBuildFile; fileRef = 2D9195F32CF5C2C10063139C /* String+Ext.swift */; };
/* End PBXBuildFile section */

/* Begin PBXFileReference section */
		2D9195C02CF5A8FB0063139C /* fdci-iOS-technical.app */ = {isa = PBXFileReference; explicitFileType = wrapper.application; includeInIndex = 0; path = "fdci-iOS-technical.app"; sourceTree = BUILT_PRODUCTS_DIR; };
		2D9195C32CF5A8FB0063139C /* AppDelegate.swift */ = {isa = PBXFileReference; lastKnownFileType = sourcecode.swift; path = AppDelegate.swift; sourceTree = "<group>"; };
		2D9195C52CF5A8FB0063139C /* SceneDelegate.swift */ = {isa = PBXFileReference; lastKnownFileType = sourcecode.swift; path = SceneDelegate.swift; sourceTree = "<group>"; };
		2D9195CC2CF5A8FC0063139C /* Assets.xcassets */ = {isa = PBXFileReference; lastKnownFileType = folder.assetcatalog; path = Assets.xcassets; sourceTree = "<group>"; };
		2D9195CF2CF5A8FC0063139C /* Base */ = {isa = PBXFileReference; lastKnownFileType = file.storyboard; name = Base; path = Base.lproj/LaunchScreen.storyboard; sourceTree = "<group>"; };
		2D9195D12CF5A8FC0063139C /* Info.plist */ = {isa = PBXFileReference; lastKnownFileType = text.plist.xml; path = Info.plist; sourceTree = "<group>"; };
		2D9195D72CF5A94F0063139C /* FirstViewController.swift */ = {isa = PBXFileReference; lastKnownFileType = sourcecode.swift; path = FirstViewController.swift; sourceTree = "<group>"; };
		2D9195D92CF5A9B80063139C /* SecondViewController.swift */ = {isa = PBXFileReference; lastKnownFileType = sourcecode.swift; path = SecondViewController.swift; sourceTree = "<group>"; };
		2D9195DC2CF5AA490063139C /* FDCITextField.swift */ = {isa = PBXFileReference; lastKnownFileType = sourcecode.swift; path = FDCITextField.swift; sourceTree = "<group>"; };
		2D9195DE2CF5ACF70063139C /* FDCIButton.swift */ = {isa = PBXFileReference; lastKnownFileType = sourcecode.swift; path = FDCIButton.swift; sourceTree = "<group>"; };
		2D9195E32CF5B1DB0063139C /* FDCITitleLabel.swift */ = {isa = PBXFileReference; lastKnownFileType = sourcecode.swift; path = FDCITitleLabel.swift; sourceTree = "<group>"; };
		2D9195E62CF5B1FA0063139C /* FDCIBodyLabel.swift */ = {isa = PBXFileReference; lastKnownFileType = sourcecode.swift; path = FDCIBodyLabel.swift; sourceTree = "<group>"; };
		2D9195E92CF5B3790063139C /* NetworkManager.swift */ = {isa = PBXFileReference; lastKnownFileType = sourcecode.swift; path = NetworkManager.swift; sourceTree = "<group>"; };
		2D9195EC2CF5B4790063139C /* Country.swift */ = {isa = PBXFileReference; lastKnownFileType = sourcecode.swift; path = Country.swift; sourceTree = "<group>"; };
		2D9195EF2CF5B4C80063139C /* FDCIError.swift */ = {isa = PBXFileReference; lastKnownFileType = sourcecode.swift; path = FDCIError.swift; sourceTree = "<group>"; };
		2D9195F12CF5B7160063139C /* DataManager.swift */ = {isa = PBXFileReference; lastKnownFileType = sourcecode.swift; path = DataManager.swift; sourceTree = "<group>"; };
		2D9195F32CF5C2C10063139C /* String+Ext.swift */ = {isa = PBXFileReference; lastKnownFileType = sourcecode.swift; path = "String+Ext.swift"; sourceTree = "<group>"; };
/* End PBXFileReference section */

/* Begin PBXFrameworksBuildPhase section */
		2D9195BD2CF5A8FB0063139C /* Frameworks */ = {
			isa = PBXFrameworksBuildPhase;
			buildActionMask = 2147483647;
			files = (
			);
			runOnlyForDeploymentPostprocessing = 0;
		};
/* End PBXFrameworksBuildPhase section */

/* Begin PBXGroup section */
		2D9195B72CF5A8FB0063139C = {
			isa = PBXGroup;
			children = (
				2D9195C22CF5A8FB0063139C /* fdci-iOS-technical */,
				2D9195C12CF5A8FB0063139C /* Products */,
			);
			sourceTree = "<group>";
		};
		2D9195C12CF5A8FB0063139C /* Products */ = {
			isa = PBXGroup;
			children = (
				2D9195C02CF5A8FB0063139C /* fdci-iOS-technical.app */,
			);
			name = Products;
			sourceTree = "<group>";
		};
		2D9195C22CF5A8FB0063139C /* fdci-iOS-technical */ = {
			isa = PBXGroup;
			children = (
				2D9195F52CF5C2C90063139C /* Extensions */,
				2D9195EE2CF5B4B80063139C /* Utilities */,
				2D9195EB2CF5B3CB0063139C /* Model */,
				2D9195E82CF5B36E0063139C /* Managers */,
				2D9195E22CF5ADD00063139C /* Screens */,
				2D9195E12CF5ADC10063139C /* Support */,
				2D9195DB2CF5AA1E0063139C /* Custom Views */,
			);
			path = "fdci-iOS-technical";
			sourceTree = "<group>";
		};
		2D9195DB2CF5AA1E0063139C /* Custom Views */ = {
			isa = PBXGroup;
			children = (
				2D9195E52CF5B1E80063139C /* Labels */,
				2D9195DC2CF5AA490063139C /* FDCITextField.swift */,
				2D9195DE2CF5ACF70063139C /* FDCIButton.swift */,
			);
			path = "Custom Views";
			sourceTree = "<group>";
		};
		2D9195E12CF5ADC10063139C /* Support */ = {
			isa = PBXGroup;
			children = (
				2D9195C32CF5A8FB0063139C /* AppDelegate.swift */,
				2D9195C52CF5A8FB0063139C /* SceneDelegate.swift */,
				2D9195CC2CF5A8FC0063139C /* Assets.xcassets */,
				2D9195CE2CF5A8FC0063139C /* LaunchScreen.storyboard */,
				2D9195D12CF5A8FC0063139C /* Info.plist */,
			);
			name = Support;
			sourceTree = "<group>";
		};
		2D9195E22CF5ADD00063139C /* Screens */ = {
			isa = PBXGroup;
			children = (
				2D9195D72CF5A94F0063139C /* FirstViewController.swift */,
				2D9195D92CF5A9B80063139C /* SecondViewController.swift */,
			);
			path = Screens;
			sourceTree = "<group>";
		};
		2D9195E52CF5B1E80063139C /* Labels */ = {
			isa = PBXGroup;
			children = (
				2D9195E32CF5B1DB0063139C /* FDCITitleLabel.swift */,
				2D9195E62CF5B1FA0063139C /* FDCIBodyLabel.swift */,
			);
			path = Labels;
			sourceTree = "<group>";
		};
		2D9195E82CF5B36E0063139C /* Managers */ = {
			isa = PBXGroup;
			children = (
				2D9195E92CF5B3790063139C /* NetworkManager.swift */,
				2D9195F12CF5B7160063139C /* DataManager.swift */,
			);
			path = Managers;
			sourceTree = "<group>";
		};
		2D9195EB2CF5B3CB0063139C /* Model */ = {
			isa = PBXGroup;
			children = (
				2D9195EC2CF5B4790063139C /* Country.swift */,
			);
			path = Model;
			sourceTree = "<group>";
		};
		2D9195EE2CF5B4B80063139C /* Utilities */ = {
			isa = PBXGroup;
			children = (
				2D9195EF2CF5B4C80063139C /* FDCIError.swift */,
			);
			path = Utilities;
			sourceTree = "<group>";
		};
		2D9195F52CF5C2C90063139C /* Extensions */ = {
			isa = PBXGroup;
			children = (
				2D9195F32CF5C2C10063139C /* String+Ext.swift */,
			);
			path = Extensions;
			sourceTree = "<group>";
		};
/* End PBXGroup section */

/* Begin PBXNativeTarget section */
		2D9195BF2CF5A8FB0063139C /* fdci-iOS-technical */ = {
			isa = PBXNativeTarget;
			buildConfigurationList = 2D9195D42CF5A8FC0063139C /* Build configuration list for PBXNativeTarget "fdci-iOS-technical" */;
			buildPhases = (
				2D9195BC2CF5A8FB0063139C /* Sources */,
				2D9195BD2CF5A8FB0063139C /* Frameworks */,
				2D9195BE2CF5A8FB0063139C /* Resources */,
			);
			buildRules = (
			);
			dependencies = (
			);
			name = "fdci-iOS-technical";
			productName = "fdci-iOS-technical";
			productReference = 2D9195C02CF5A8FB0063139C /* fdci-iOS-technical.app */;
			productType = "com.apple.product-type.application";
		};
/* End PBXNativeTarget section */

/* Begin PBXProject section */
		2D9195B82CF5A8FB0063139C /* Project object */ = {
			isa = PBXProject;
			attributes = {
				BuildIndependentTargetsInParallel = 1;
				LastSwiftUpdateCheck = 1540;
				LastUpgradeCheck = 1540;
				TargetAttributes = {
					2D9195BF2CF5A8FB0063139C = {
						CreatedOnToolsVersion = 15.4;
					};
				};
			};
			buildConfigurationList = 2D9195BB2CF5A8FB0063139C /* Build configuration list for PBXProject "fdci-iOS-technical" */;
			compatibilityVersion = "Xcode 14.0";
			developmentRegion = en;
			hasScannedForEncodings = 0;
			knownRegions = (
				en,
				Base,
			);
			mainGroup = 2D9195B72CF5A8FB0063139C;
			productRefGroup = 2D9195C12CF5A8FB0063139C /* Products */;
			projectDirPath = "";
			projectRoot = "";
			targets = (
				2D9195BF2CF5A8FB0063139C /* fdci-iOS-technical */,
			);
		};
/* End PBXProject section */

/* Begin PBXResourcesBuildPhase section */
		2D9195BE2CF5A8FB0063139C /* Resources */ = {
			isa = PBXResourcesBuildPhase;
			buildActionMask = 2147483647;
			files = (
				2D9195CD2CF5A8FC0063139C /* Assets.xcassets in Resources */,
				2D9195D02CF5A8FC0063139C /* Base in Resources */,
			);
			runOnlyForDeploymentPostprocessing = 0;
		};
/* End PBXResourcesBuildPhase section */

/* Begin PBXSourcesBuildPhase section */
		2D9195BC2CF5A8FB0063139C /* Sources */ = {
			isa = PBXSourcesBuildPhase;
			buildActionMask = 2147483647;
			files = (
				2D9195EA2CF5B3790063139C /* NetworkManager.swift in Sources */,
				2D9195F22CF5B7160063139C /* DataManager.swift in Sources */,
				2D9195DA2CF5A9B80063139C /* SecondViewController.swift in Sources */,
				2D9195F42CF5C2C10063139C /* String+Ext.swift in Sources */,
				2D9195E42CF5B1DB0063139C /* FDCITitleLabel.swift in Sources */,
				2D9195E72CF5B1FA0063139C /* FDCIBodyLabel.swift in Sources */,
				2D9195F02CF5B4C80063139C /* FDCIError.swift in Sources */,
				2D9195D82CF5A94F0063139C /* FirstViewController.swift in Sources */,
				2D9195C42CF5A8FB0063139C /* AppDelegate.swift in Sources */,
				2D9195DF2CF5ACF70063139C /* FDCIButton.swift in Sources */,
				2D9195C62CF5A8FB0063139C /* SceneDelegate.swift in Sources */,
				2D9195ED2CF5B4790063139C /* Country.swift in Sources */,
				2D9195DD2CF5AA490063139C /* FDCITextField.swift in Sources */,
			);
			runOnlyForDeploymentPostprocessing = 0;
		};
/* End PBXSourcesBuildPhase section */

/* Begin PBXVariantGroup section */
		2D9195CE2CF5A8FC0063139C /* LaunchScreen.storyboard */ = {
			isa = PBXVariantGroup;
			children = (
				2D9195CF2CF5A8FC0063139C /* Base */,
			);
			name = LaunchScreen.storyboard;
			sourceTree = "<group>";
		};
/* End PBXVariantGroup section */

/* Begin XCBuildConfiguration section */
		2D9195D22CF5A8FC0063139C /* Debug */ = {
			isa = XCBuildConfiguration;
			buildSettings = {
				ALWAYS_SEARCH_USER_PATHS = NO;
				ASSETCATALOG_COMPILER_GENERATE_SWIFT_ASSET_SYMBOL_EXTENSIONS = YES;
				CLANG_ANALYZER_NONNULL = YES;
				CLANG_ANALYZER_NUMBER_OBJECT_CONVERSION = YES_AGGRESSIVE;
				CLANG_CXX_LANGUAGE_STANDARD = "gnu++20";
				CLANG_ENABLE_MODULES = YES;
				CLANG_ENABLE_OBJC_ARC = YES;
				CLANG_ENABLE_OBJC_WEAK = YES;
				CLANG_WARN_BLOCK_CAPTURE_AUTORELEASING = YES;
				CLANG_WARN_BOOL_CONVERSION = YES;
				CLANG_WARN_COMMA = YES;
				CLANG_WARN_CONSTANT_CONVERSION = YES;
				CLANG_WARN_DEPRECATED_OBJC_IMPLEMENTATIONS = YES;
				CLANG_WARN_DIRECT_OBJC_ISA_USAGE = YES_ERROR;
				CLANG_WARN_DOCUMENTATION_COMMENTS = YES;
				CLANG_WARN_EMPTY_BODY = YES;
				CLANG_WARN_ENUM_CONVERSION = YES;
				CLANG_WARN_INFINITE_RECURSION = YES;
				CLANG_WARN_INT_CONVERSION = YES;
				CLANG_WARN_NON_LITERAL_NULL_CONVERSION = YES;
				CLANG_WARN_OBJC_IMPLICIT_RETAIN_SELF = YES;
				CLANG_WARN_OBJC_LITERAL_CONVERSION = YES;
				CLANG_WARN_OBJC_ROOT_CLASS = YES_ERROR;
				CLANG_WARN_QUOTED_INCLUDE_IN_FRAMEWORK_HEADER = YES;
				CLANG_WARN_RANGE_LOOP_ANALYSIS = YES;
				CLANG_WARN_STRICT_PROTOTYPES = YES;
				CLANG_WARN_SUSPICIOUS_MOVE = YES;
				CLANG_WARN_UNGUARDED_AVAILABILITY = YES_AGGRESSIVE;
				CLANG_WARN_UNREACHABLE_CODE = YES;
				CLANG_WARN__DUPLICATE_METHOD_MATCH = YES;
				COPY_PHASE_STRIP = NO;
				DEBUG_INFORMATION_FORMAT = dwarf;
				ENABLE_STRICT_OBJC_MSGSEND = YES;
				ENABLE_TESTABILITY = YES;
				ENABLE_USER_SCRIPT_SANDBOXING = YES;
				GCC_C_LANGUAGE_STANDARD = gnu17;
				GCC_DYNAMIC_NO_PIC = NO;
				GCC_NO_COMMON_BLOCKS = YES;
				GCC_OPTIMIZATION_LEVEL = 0;
				GCC_PREPROCESSOR_DEFINITIONS = (
					"DEBUG=1",
					"$(inherited)",
				);
				GCC_WARN_64_TO_32_BIT_CONVERSION = YES;
				GCC_WARN_ABOUT_RETURN_TYPE = YES_ERROR;
				GCC_WARN_UNDECLARED_SELECTOR = YES;
				GCC_WARN_UNINITIALIZED_AUTOS = YES_AGGRESSIVE;
				GCC_WARN_UNUSED_FUNCTION = YES;
				GCC_WARN_UNUSED_VARIABLE = YES;
				IPHONEOS_DEPLOYMENT_TARGET = 17.5;
				LOCALIZATION_PREFERS_STRING_CATALOGS = YES;
				MTL_ENABLE_DEBUG_INFO = INCLUDE_SOURCE;
				MTL_FAST_MATH = YES;
				ONLY_ACTIVE_ARCH = YES;
				SDKROOT = iphoneos;
				SWIFT_ACTIVE_COMPILATION_CONDITIONS = "DEBUG $(inherited)";
				SWIFT_OPTIMIZATION_LEVEL = "-Onone";
			};
			name = Debug;
		};
		2D9195D32CF5A8FC0063139C /* Release */ = {
			isa = XCBuildConfiguration;
			buildSettings = {
				ALWAYS_SEARCH_USER_PATHS = NO;
				ASSETCATALOG_COMPILER_GENERATE_SWIFT_ASSET_SYMBOL_EXTENSIONS = YES;
				CLANG_ANALYZER_NONNULL = YES;
				CLANG_ANALYZER_NUMBER_OBJECT_CONVERSION = YES_AGGRESSIVE;
				CLANG_CXX_LANGUAGE_STANDARD = "gnu++20";
				CLANG_ENABLE_MODULES = YES;
				CLANG_ENABLE_OBJC_ARC = YES;
				CLANG_ENABLE_OBJC_WEAK = YES;
				CLANG_WARN_BLOCK_CAPTURE_AUTORELEASING = YES;
				CLANG_WARN_BOOL_CONVERSION = YES;
				CLANG_WARN_COMMA = YES;
				CLANG_WARN_CONSTANT_CONVERSION = YES;
				CLANG_WARN_DEPRECATED_OBJC_IMPLEMENTATIONS = YES;
				CLANG_WARN_DIRECT_OBJC_ISA_USAGE = YES_ERROR;
				CLANG_WARN_DOCUMENTATION_COMMENTS = YES;
				CLANG_WARN_EMPTY_BODY = YES;
				CLANG_WARN_ENUM_CONVERSION = YES;
				CLANG_WARN_INFINITE_RECURSION = YES;
				CLANG_WARN_INT_CONVERSION = YES;
				CLANG_WARN_NON_LITERAL_NULL_CONVERSION = YES;
				CLANG_WARN_OBJC_IMPLICIT_RETAIN_SELF = YES;
				CLANG_WARN_OBJC_LITERAL_CONVERSION = YES;
				CLANG_WARN_OBJC_ROOT_CLASS = YES_ERROR;
				CLANG_WARN_QUOTED_INCLUDE_IN_FRAMEWORK_HEADER = YES;
				CLANG_WARN_RANGE_LOOP_ANALYSIS = YES;
				CLANG_WARN_STRICT_PROTOTYPES = YES;
				CLANG_WARN_SUSPICIOUS_MOVE = YES;
				CLANG_WARN_UNGUARDED_AVAILABILITY = YES_AGGRESSIVE;
				CLANG_WARN_UNREACHABLE_CODE = YES;
				CLANG_WARN__DUPLICATE_METHOD_MATCH = YES;
				COPY_PHASE_STRIP = NO;
				DEBUG_INFORMATION_FORMAT = "dwarf-with-dsym";
				ENABLE_NS_ASSERTIONS = NO;
				ENABLE_STRICT_OBJC_MSGSEND = YES;
				ENABLE_USER_SCRIPT_SANDBOXING = YES;
				GCC_C_LANGUAGE_STANDARD = gnu17;
				GCC_NO_COMMON_BLOCKS = YES;
				GCC_WARN_64_TO_32_BIT_CONVERSION = YES;
				GCC_WARN_ABOUT_RETURN_TYPE = YES_ERROR;
				GCC_WARN_UNDECLARED_SELECTOR = YES;
				GCC_WARN_UNINITIALIZED_AUTOS = YES_AGGRESSIVE;
				GCC_WARN_UNUSED_FUNCTION = YES;
				GCC_WARN_UNUSED_VARIABLE = YES;
				IPHONEOS_DEPLOYMENT_TARGET = 17.5;
				LOCALIZATION_PREFERS_STRING_CATALOGS = YES;
				MTL_ENABLE_DEBUG_INFO = NO;
				MTL_FAST_MATH = YES;
				SDKROOT = iphoneos;
				SWIFT_COMPILATION_MODE = wholemodule;
				VALIDATE_PRODUCT = YES;
			};
			name = Release;
		};
		2D9195D52CF5A8FC0063139C /* Debug */ = {
			isa = XCBuildConfiguration;
			buildSettings = {
				ASSETCATALOG_COMPILER_APPICON_NAME = AppIcon;
				ASSETCATALOG_COMPILER_GLOBAL_ACCENT_COLOR_NAME = AccentColor;
				CODE_SIGN_STYLE = Automatic;
				CURRENT_PROJECT_VERSION = 1;
				DEVELOPMENT_TEAM = 3KG88YL8V2;
				GENERATE_INFOPLIST_FILE = YES;
				INFOPLIST_FILE = "fdci-iOS-technical/Info.plist";
				INFOPLIST_KEY_UIApplicationSupportsIndirectInputEvents = YES;
				INFOPLIST_KEY_UILaunchStoryboardName = LaunchScreen;
				INFOPLIST_KEY_UISupportedInterfaceOrientations_iPad = "UIInterfaceOrientationPortrait UIInterfaceOrientationPortraitUpsideDown UIInterfaceOrientationLandscapeLeft UIInterfaceOrientationLandscapeRight";
				INFOPLIST_KEY_UISupportedInterfaceOrientations_iPhone = "UIInterfaceOrientationPortrait UIInterfaceOrientationLandscapeLeft UIInterfaceOrientationLandscapeRight";
				LD_RUNPATH_SEARCH_PATHS = (
					"$(inherited)",
					"@executable_path/Frameworks",
				);
				MARKETING_VERSION = 1.0;
				PRODUCT_BUNDLE_IDENTIFIER = "com.patrick.fdci-iOS-technical";
				PRODUCT_NAME = "$(TARGET_NAME)";
				SWIFT_EMIT_LOC_STRINGS = YES;
				SWIFT_VERSION = 5.0;
				TARGETED_DEVICE_FAMILY = "1,2";
			};
			name = Debug;
		};
		2D9195D62CF5A8FC0063139C /* Release */ = {
			isa = XCBuildConfiguration;
			buildSettings = {
				ASSETCATALOG_COMPILER_APPICON_NAME = AppIcon;
				ASSETCATALOG_COMPILER_GLOBAL_ACCENT_COLOR_NAME = AccentColor;
				CODE_SIGN_STYLE = Automatic;
				CURRENT_PROJECT_VERSION = 1;
				DEVELOPMENT_TEAM = 3KG88YL8V2;
				GENERATE_INFOPLIST_FILE = YES;
				INFOPLIST_FILE = "fdci-iOS-technical/Info.plist";
				INFOPLIST_KEY_UIApplicationSupportsIndirectInputEvents = YES;
				INFOPLIST_KEY_UILaunchStoryboardName = LaunchScreen;
				INFOPLIST_KEY_UISupportedInterfaceOrientations_iPad = "UIInterfaceOrientationPortrait UIInterfaceOrientationPortraitUpsideDown UIInterfaceOrientationLandscapeLeft UIInterfaceOrientationLandscapeRight";
				INFOPLIST_KEY_UISupportedInterfaceOrientations_iPhone = "UIInterfaceOrientationPortrait UIInterfaceOrientationLandscapeLeft UIInterfaceOrientationLandscapeRight";
				LD_RUNPATH_SEARCH_PATHS = (
					"$(inherited)",
					"@executable_path/Frameworks",
				);
				MARKETING_VERSION = 1.0;
				PRODUCT_BUNDLE_IDENTIFIER = "com.patrick.fdci-iOS-technical";
				PRODUCT_NAME = "$(TARGET_NAME)";
				SWIFT_EMIT_LOC_STRINGS = YES;
				SWIFT_VERSION = 5.0;
				TARGETED_DEVICE_FAMILY = "1,2";
			};
			name = Release;
		};
/* End XCBuildConfiguration section */

/* Begin XCConfigurationList section */
		2D9195BB2CF5A8FB0063139C /* Build configuration list for PBXProject "fdci-iOS-technical" */ = {
			isa = XCConfigurationList;
			buildConfigurations = (
				2D9195D22CF5A8FC0063139C /* Debug */,
				2D9195D32CF5A8FC0063139C /* Release */,
			);
			defaultConfigurationIsVisible = 0;
			defaultConfigurationName = Release;
		};
		2D9195D42CF5A8FC0063139C /* Build configuration list for PBXNativeTarget "fdci-iOS-technical" */ = {
			isa = XCConfigurationList;
			buildConfigurations = (
				2D9195D52CF5A8FC0063139C /* Debug */,
				2D9195D62CF5A8FC0063139C /* Release */,
			);
			defaultConfigurationIsVisible = 0;
			defaultConfigurationName = Release;
		};
/* End XCConfigurationList section */
	};
	rootObject = 2D9195B82CF5A8FB0063139C /* Project object */;
}
